// !$*UTF8*$!
{
	archiveVersion = 1;
	classes = {
	};
	objectVersion = 56;
	objects = {

/* Begin PBXBuildFile section */
		6712B4A82BF4A339002A21F5 /* test1MacappApp.swift in Sources */ = {isa = PBXBuildFile; fileRef = 6712B4A72BF4A339002A21F5 /* test1MacappApp.swift */; };
		6712B4AA2BF4A339002A21F5 /* ContentView.swift in Sources */ = {isa = PBXBuildFile; fileRef = 6712B4A92BF4A339002A21F5 /* ContentView.swift */; };
		6712B4AC2BF4A33B002A21F5 /* Assets.xcassets in Resources */ = {isa = PBXBuildFile; fileRef = 6712B4AB2BF4A33B002A21F5 /* Assets.xcassets */; };
		6712B4AF2BF4A33B002A21F5 /* Preview Assets.xcassets in Resources */ = {isa = PBXBuildFile; fileRef = 6712B4AE2BF4A33B002A21F5 /* Preview Assets.xcassets */; };
		6712B4BA2BF4A33B002A21F5 /* test1MacappTests.swift in Sources */ = {isa = PBXBuildFile; fileRef = 6712B4B92BF4A33B002A21F5 /* test1MacappTests.swift */; };
		6712B4C42BF4A33B002A21F5 /* test1MacappUITests.swift in Sources */ = {isa = PBXBuildFile; fileRef = 6712B4C32BF4A33B002A21F5 /* test1MacappUITests.swift */; };
		6712B4C62BF4A33B002A21F5 /* test1MacappUITestsLaunchTests.swift in Sources */ = {isa = PBXBuildFile; fileRef = 6712B4C52BF4A33B002A21F5 /* test1MacappUITestsLaunchTests.swift */; };
/* End PBXBuildFile section */

/* Begin PBXContainerItemProxy section */
		6712B4B62BF4A33B002A21F5 /* PBXContainerItemProxy */ = {
			isa = PBXContainerItemProxy;
			containerPortal = 6712B49C2BF4A338002A21F5 /* Project object */;
			proxyType = 1;
			remoteGlobalIDString = 6712B4A32BF4A339002A21F5;
			remoteInfo = test1Macapp;
		};
		6712B4C02BF4A33B002A21F5 /* PBXContainerItemProxy */ = {
			isa = PBXContainerItemProxy;
			containerPortal = 6712B49C2BF4A338002A21F5 /* Project object */;
			proxyType = 1;
			remoteGlobalIDString = 6712B4A32BF4A339002A21F5;
			remoteInfo = test1Macapp;
		};
/* End PBXContainerItemProxy section */

/* Begin PBXFileReference section */
		6712B4A42BF4A339002A21F5 /* test1Macapp.app */ = {isa = PBXFileReference; explicitFileType = wrapper.application; includeInIndex = 0; path = test1Macapp.app; sourceTree = BUILT_PRODUCTS_DIR; };
		6712B4A72BF4A339002A21F5 /* test1MacappApp.swift */ = {isa = PBXFileReference; lastKnownFileType = sourcecode.swift; path = test1MacappApp.swift; sourceTree = "<group>"; };
		6712B4A92BF4A339002A21F5 /* ContentView.swift */ = {isa = PBXFileReference; lastKnownFileType = sourcecode.swift; path = ContentView.swift; sourceTree = "<group>"; };
		6712B4AB2BF4A33B002A21F5 /* Assets.xcassets */ = {isa = PBXFileReference; lastKnownFileType = folder.assetcatalog; path = Assets.xcassets; sourceTree = "<group>"; };
		6712B4AE2BF4A33B002A21F5 /* Preview Assets.xcassets */ = {isa = PBXFileReference; lastKnownFileType = folder.assetcatalog; path = "Preview Assets.xcassets"; sourceTree = "<group>"; };
		6712B4B02BF4A33B002A21F5 /* test1Macapp.entitlements */ = {isa = PBXFileReference; lastKnownFileType = text.plist.entitlements; path = test1Macapp.entitlements; sourceTree = "<group>"; };
		6712B4B52BF4A33B002A21F5 /* test1MacappTests.xctest */ = {isa = PBXFileReference; explicitFileType = wrapper.cfbundle; includeInIndex = 0; path = test1MacappTests.xctest; sourceTree = BUILT_PRODUCTS_DIR; };
		6712B4B92BF4A33B002A21F5 /* test1MacappTests.swift */ = {isa = PBXFileReference; lastKnownFileType = sourcecode.swift; path = test1MacappTests.swift; sourceTree = "<group>"; };
		6712B4BF2BF4A33B002A21F5 /* test1MacappUITests.xctest */ = {isa = PBXFileReference; explicitFileType = wrapper.cfbundle; includeInIndex = 0; path = test1MacappUITests.xctest; sourceTree = BUILT_PRODUCTS_DIR; };
		6712B4C32BF4A33B002A21F5 /* test1MacappUITests.swift */ = {isa = PBXFileReference; lastKnownFileType = sourcecode.swift; path = test1MacappUITests.swift; sourceTree = "<group>"; };
		6712B4C52BF4A33B002A21F5 /* test1MacappUITestsLaunchTests.swift */ = {isa = PBXFileReference; lastKnownFileType = sourcecode.swift; path = test1MacappUITestsLaunchTests.swift; sourceTree = "<group>"; };
/* End PBXFileReference section */

/* Begin PBXFrameworksBuildPhase section */
		6712B4A12BF4A339002A21F5 /* Frameworks */ = {
			isa = PBXFrameworksBuildPhase;
			buildActionMask = 2147483647;
			files = (
			);
			runOnlyForDeploymentPostprocessing = 0;
		};
		6712B4B22BF4A33B002A21F5 /* Frameworks */ = {
			isa = PBXFrameworksBuildPhase;
			buildActionMask = 2147483647;
			files = (
			);
			runOnlyForDeploymentPostprocessing = 0;
		};
		6712B4BC2BF4A33B002A21F5 /* Frameworks */ = {
			isa = PBXFrameworksBuildPhase;
			buildActionMask = 2147483647;
			files = (
			);
			runOnlyForDeploymentPostprocessing = 0;
		};
/* End PBXFrameworksBuildPhase section */

/* Begin PBXGroup section */
		6712B49B2BF4A338002A21F5 = {
			isa = PBXGroup;
			children = (
				6712B4A62BF4A339002A21F5 /* test1Macapp */,
				6712B4B82BF4A33B002A21F5 /* test1MacappTests */,
				6712B4C22BF4A33B002A21F5 /* test1MacappUITests */,
				6712B4A52BF4A339002A21F5 /* Products */,
			);
			sourceTree = "<group>";
		};
		6712B4A52BF4A339002A21F5 /* Products */ = {
			isa = PBXGroup;
			children = (
				6712B4A42BF4A339002A21F5 /* test1Macapp.app */,
				6712B4B52BF4A33B002A21F5 /* test1MacappTests.xctest */,
				6712B4BF2BF4A33B002A21F5 /* test1MacappUITests.xctest */,
			);
			name = Products;
			sourceTree = "<group>";
		};
		6712B4A62BF4A339002A21F5 /* test1Macapp */ = {
			isa = PBXGroup;
			children = (
				6712B4A72BF4A339002A21F5 /* test1MacappApp.swift */,
				6712B4A92BF4A339002A21F5 /* ContentView.swift */,
				6712B4AB2BF4A33B002A21F5 /* Assets.xcassets */,
				6712B4B02BF4A33B002A21F5 /* test1Macapp.entitlements */,
				6712B4AD2BF4A33B002A21F5 /* Preview Content */,
			);
			path = test1Macapp;
			sourceTree = "<group>";
		};
		6712B4AD2BF4A33B002A21F5 /* Preview Content */ = {
			isa = PBXGroup;
			children = (
				6712B4AE2BF4A33B002A21F5 /* Preview Assets.xcassets */,
			);
			path = "Preview Content";
			sourceTree = "<group>";
		};
		6712B4B82BF4A33B002A21F5 /* test1MacappTests */ = {
			isa = PBXGroup;
			children = (
				6712B4B92BF4A33B002A21F5 /* test1MacappTests.swift */,
			);
			path = test1MacappTests;
			sourceTree = "<group>";
		};
		6712B4C22BF4A33B002A21F5 /* test1MacappUITests */ = {
			isa = PBXGroup;
			children = (
				6712B4C32BF4A33B002A21F5 /* test1MacappUITests.swift */,
				6712B4C52BF4A33B002A21F5 /* test1MacappUITestsLaunchTests.swift */,
			);
			path = test1MacappUITests;
			sourceTree = "<group>";
		};
/* End PBXGroup section */

/* Begin PBXNativeTarget section */
		6712B4A32BF4A339002A21F5 /* test1Macapp */ = {
			isa = PBXNativeTarget;
			buildConfigurationList = 6712B4C92BF4A33B002A21F5 /* Build configuration list for PBXNativeTarget "test1Macapp" */;
			buildPhases = (
				6712B4A02BF4A339002A21F5 /* Sources */,
				6712B4A12BF4A339002A21F5 /* Frameworks */,
				6712B4A22BF4A339002A21F5 /* Resources */,
			);
			buildRules = (
			);
			dependencies = (
			);
			name = test1Macapp;
			productName = test1Macapp;
			productReference = 6712B4A42BF4A339002A21F5 /* test1Macapp.app */;
			productType = "com.apple.product-type.application";
		};
		6712B4B42BF4A33B002A21F5 /* test1MacappTests */ = {
			isa = PBXNativeTarget;
			buildConfigurationList = 6712B4CC2BF4A33B002A21F5 /* Build configuration list for PBXNativeTarget "test1MacappTests" */;
			buildPhases = (
				6712B4B12BF4A33B002A21F5 /* Sources */,
				6712B4B22BF4A33B002A21F5 /* Frameworks */,
				6712B4B32BF4A33B002A21F5 /* Resources */,
			);
			buildRules = (
			);
			dependencies = (
				6712B4B72BF4A33B002A21F5 /* PBXTargetDependency */,
			);
			name = test1MacappTests;
			productName = test1MacappTests;
			productReference = 6712B4B52BF4A33B002A21F5 /* test1MacappTests.xctest */;
			productType = "com.apple.product-type.bundle.unit-test";
		};
		6712B4BE2BF4A33B002A21F5 /* test1MacappUITests */ = {
			isa = PBXNativeTarget;
			buildConfigurationList = 6712B4CF2BF4A33B002A21F5 /* Build configuration list for PBXNativeTarget "test1MacappUITests" */;
			buildPhases = (
				6712B4BB2BF4A33B002A21F5 /* Sources */,
				6712B4BC2BF4A33B002A21F5 /* Frameworks */,
				6712B4BD2BF4A33B002A21F5 /* Resources */,
			);
			buildRules = (
			);
			dependencies = (
				6712B4C12BF4A33B002A21F5 /* PBXTargetDependency */,
			);
			name = test1MacappUITests;
			productName = test1MacappUITests;
			productReference = 6712B4BF2BF4A33B002A21F5 /* test1MacappUITests.xctest */;
			productType = "com.apple.product-type.bundle.ui-testing";
		};
/* End PBXNativeTarget section */

/* Begin PBXProject section */
		6712B49C2BF4A338002A21F5 /* Project object */ = {
			isa = PBXProject;
			attributes = {
				BuildIndependentTargetsInParallel = 1;
				LastSwiftUpdateCheck = 1540;
				LastUpgradeCheck = 1540;
				TargetAttributes = {
					6712B4A32BF4A339002A21F5 = {
						CreatedOnToolsVersion = 15.4;
					};
					6712B4B42BF4A33B002A21F5 = {
						CreatedOnToolsVersion = 15.4;
						TestTargetID = 6712B4A32BF4A339002A21F5;
					};
					6712B4BE2BF4A33B002A21F5 = {
						CreatedOnToolsVersion = 15.4;
						TestTargetID = 6712B4A32BF4A339002A21F5;
					};
				};
			};
			buildConfigurationList = 6712B49F2BF4A338002A21F5 /* Build configuration list for PBXProject "test1Macapp" */;
			compatibilityVersion = "Xcode 14.0";
			developmentRegion = en;
			hasScannedForEncodings = 0;
			knownRegions = (
				en,
				Base,
			);
			mainGroup = 6712B49B2BF4A338002A21F5;
			productRefGroup = 6712B4A52BF4A339002A21F5 /* Products */;
			projectDirPath = "";
			projectRoot = "";
			targets = (
				6712B4A32BF4A339002A21F5 /* test1Macapp */,
				6712B4B42BF4A33B002A21F5 /* test1MacappTests */,
				6712B4BE2BF4A33B002A21F5 /* test1MacappUITests */,
			);
		};
/* End PBXProject section */

/* Begin PBXResourcesBuildPhase section */
		6712B4A22BF4A339002A21F5 /* Resources */ = {
			isa = PBXResourcesBuildPhase;
			buildActionMask = 2147483647;
			files = (
				6712B4AF2BF4A33B002A21F5 /* Preview Assets.xcassets in Resources */,
				6712B4AC2BF4A33B002A21F5 /* Assets.xcassets in Resources */,
			);
			runOnlyForDeploymentPostprocessing = 0;
		};
		6712B4B32BF4A33B002A21F5 /* Resources */ = {
			isa = PBXResourcesBuildPhase;
			buildActionMask = 2147483647;
			files = (
			);
			runOnlyForDeploymentPostprocessing = 0;
		};
		6712B4BD2BF4A33B002A21F5 /* Resources */ = {
			isa = PBXResourcesBuildPhase;
			buildActionMask = 2147483647;
			files = (
			);
			runOnlyForDeploymentPostprocessing = 0;
		};
/* End PBXResourcesBuildPhase section */

/* Begin PBXSourcesBuildPhase section */
		6712B4A02BF4A339002A21F5 /* Sources */ = {
			isa = PBXSourcesBuildPhase;
			buildActionMask = 2147483647;
			files = (
				6712B4AA2BF4A339002A21F5 /* ContentView.swift in Sources */,
				6712B4A82BF4A339002A21F5 /* test1MacappApp.swift in Sources */,
			);
			runOnlyForDeploymentPostprocessing = 0;
		};
		6712B4B12BF4A33B002A21F5 /* Sources */ = {
			isa = PBXSourcesBuildPhase;
			buildActionMask = 2147483647;
			files = (
				6712B4BA2BF4A33B002A21F5 /* test1MacappTests.swift in Sources */,
			);
			runOnlyForDeploymentPostprocessing = 0;
		};
		6712B4BB2BF4A33B002A21F5 /* Sources */ = {
			isa = PBXSourcesBuildPhase;
			buildActionMask = 2147483647;
			files = (
				6712B4C62BF4A33B002A21F5 /* test1MacappUITestsLaunchTests.swift in Sources */,
				6712B4C42BF4A33B002A21F5 /* test1MacappUITests.swift in Sources */,
			);
			runOnlyForDeploymentPostprocessing = 0;
		};
/* End PBXSourcesBuildPhase section */

/* Begin PBXTargetDependency section */
		6712B4B72BF4A33B002A21F5 /* PBXTargetDependency */ = {
			isa = PBXTargetDependency;
			target = 6712B4A32BF4A339002A21F5 /* test1Macapp */;
			targetProxy = 6712B4B62BF4A33B002A21F5 /* PBXContainerItemProxy */;
		};
		6712B4C12BF4A33B002A21F5 /* PBXTargetDependency */ = {
			isa = PBXTargetDependency;
			target = 6712B4A32BF4A339002A21F5 /* test1Macapp */;
			targetProxy = 6712B4C02BF4A33B002A21F5 /* PBXContainerItemProxy */;
		};
/* End PBXTargetDependency section */

/* Begin XCBuildConfiguration section */
		6712B4C72BF4A33B002A21F5 /* Debug */ = {
			isa = XCBuildConfiguration;
			buildSettings = {
				ALWAYS_SEARCH_USER_PATHS = NO;
				ASSETCATALOG_COMPILER_GENERATE_SWIFT_ASSET_SYMBOL_EXTENSIONS = YES;
				CLANG_ANALYZER_NONNULL = YES;
				CLANG_ANALYZER_NUMBER_OBJECT_CONVERSION = YES_AGGRESSIVE;
				CLANG_CXX_LANGUAGE_STANDARD = "gnu++20";
				CLANG_ENABLE_MODULES = YES;
				CLANG_ENABLE_OBJC_ARC = YES;
				CLANG_ENABLE_OBJC_WEAK = YES;
				CLANG_WARN_BLOCK_CAPTURE_AUTORELEASING = YES;
				CLANG_WARN_BOOL_CONVERSION = YES;
				CLANG_WARN_COMMA = YES;
				CLANG_WARN_CONSTANT_CONVERSION = YES;
				CLANG_WARN_DEPRECATED_OBJC_IMPLEMENTATIONS = YES;
				CLANG_WARN_DIRECT_OBJC_ISA_USAGE = YES_ERROR;
				CLANG_WARN_DOCUMENTATION_COMMENTS = YES;
				CLANG_WARN_EMPTY_BODY = YES;
				CLANG_WARN_ENUM_CONVERSION = YES;
				CLANG_WARN_INFINITE_RECURSION = YES;
				CLANG_WARN_INT_CONVERSION = YES;
				CLANG_WARN_NON_LITERAL_NULL_CONVERSION = YES;
				CLANG_WARN_OBJC_IMPLICIT_RETAIN_SELF = YES;
				CLANG_WARN_OBJC_LITERAL_CONVERSION = YES;
				CLANG_WARN_OBJC_ROOT_CLASS = YES_ERROR;
				CLANG_WARN_QUOTED_INCLUDE_IN_FRAMEWORK_HEADER = YES;
				CLANG_WARN_RANGE_LOOP_ANALYSIS = YES;
				CLANG_WARN_STRICT_PROTOTYPES = YES;
				CLANG_WARN_SUSPICIOUS_MOVE = YES;
				CLANG_WARN_UNGUARDED_AVAILABILITY = YES_AGGRESSIVE;
				CLANG_WARN_UNREACHABLE_CODE = YES;
				CLANG_WARN__DUPLICATE_METHOD_MATCH = YES;
				COPY_PHASE_STRIP = NO;
				DEBUG_INFORMATION_FORMAT = dwarf;
				ENABLE_STRICT_OBJC_MSGSEND = YES;
				ENABLE_TESTABILITY = YES;
				ENABLE_USER_SCRIPT_SANDBOXING = YES;
				GCC_C_LANGUAGE_STANDARD = gnu17;
				GCC_DYNAMIC_NO_PIC = NO;
				GCC_NO_COMMON_BLOCKS = YES;
				GCC_OPTIMIZATION_LEVEL = 0;
				GCC_PREPROCESSOR_DEFINITIONS = (
					"DEBUG=1",
					"$(inherited)",
				);
				GCC_WARN_64_TO_32_BIT_CONVERSION = YES;
				GCC_WARN_ABOUT_RETURN_TYPE = YES_ERROR;
				GCC_WARN_UNDECLARED_SELECTOR = YES;
				GCC_WARN_UNINITIALIZED_AUTOS = YES_AGGRESSIVE;
				GCC_WARN_UNUSED_FUNCTION = YES;
				GCC_WARN_UNUSED_VARIABLE = YES;
				LOCALIZATION_PREFERS_STRING_CATALOGS = YES;
				MACOSX_DEPLOYMENT_TARGET = 14.4;
				MTL_ENABLE_DEBUG_INFO = INCLUDE_SOURCE;
				MTL_FAST_MATH = YES;
				ONLY_ACTIVE_ARCH = YES;
				SDKROOT = macosx;
				SWIFT_ACTIVE_COMPILATION_CONDITIONS = "DEBUG $(inherited)";
				SWIFT_OPTIMIZATION_LEVEL = "-Onone";
			};
			name = Debug;
		};
		6712B4C82BF4A33B002A21F5 /* Release */ = {
			isa = XCBuildConfiguration;
			buildSettings = {
				ALWAYS_SEARCH_USER_PATHS = NO;
				ASSETCATALOG_COMPILER_GENERATE_SWIFT_ASSET_SYMBOL_EXTENSIONS = YES;
				CLANG_ANALYZER_NONNULL = YES;
				CLANG_ANALYZER_NUMBER_OBJECT_CONVERSION = YES_AGGRESSIVE;
				CLANG_CXX_LANGUAGE_STANDARD = "gnu++20";
				CLANG_ENABLE_MODULES = YES;
				CLANG_ENABLE_OBJC_ARC = YES;
				CLANG_ENABLE_OBJC_WEAK = YES;
				CLANG_WARN_BLOCK_CAPTURE_AUTORELEASING = YES;
				CLANG_WARN_BOOL_CONVERSION = YES;
				CLANG_WARN_COMMA = YES;
				CLANG_WARN_CONSTANT_CONVERSION = YES;
				CLANG_WARN_DEPRECATED_OBJC_IMPLEMENTATIONS = YES;
				CLANG_WARN_DIRECT_OBJC_ISA_USAGE = YES_ERROR;
				CLANG_WARN_DOCUMENTATION_COMMENTS = YES;
				CLANG_WARN_EMPTY_BODY = YES;
				CLANG_WARN_ENUM_CONVERSION = YES;
				CLANG_WARN_INFINITE_RECURSION = YES;
				CLANG_WARN_INT_CONVERSION = YES;
				CLANG_WARN_NON_LITERAL_NULL_CONVERSION = YES;
				CLANG_WARN_OBJC_IMPLICIT_RETAIN_SELF = YES;
				CLANG_WARN_OBJC_LITERAL_CONVERSION = YES;
				CLANG_WARN_OBJC_ROOT_CLASS = YES_ERROR;
				CLANG_WARN_QUOTED_INCLUDE_IN_FRAMEWORK_HEADER = YES;
				CLANG_WARN_RANGE_LOOP_ANALYSIS = YES;
				CLANG_WARN_STRICT_PROTOTYPES = YES;
				CLANG_WARN_SUSPICIOUS_MOVE = YES;
				CLANG_WARN_UNGUARDED_AVAILABILITY = YES_AGGRESSIVE;
				CLANG_WARN_UNREACHABLE_CODE = YES;
				CLANG_WARN__DUPLICATE_METHOD_MATCH = YES;
				COPY_PHASE_STRIP = NO;
				DEBUG_INFORMATION_FORMAT = "dwarf-with-dsym";
				ENABLE_NS_ASSERTIONS = NO;
				ENABLE_STRICT_OBJC_MSGSEND = YES;
				ENABLE_USER_SCRIPT_SANDBOXING = YES;
				GCC_C_LANGUAGE_STANDARD = gnu17;
				GCC_NO_COMMON_BLOCKS = YES;
				GCC_WARN_64_TO_32_BIT_CONVERSION = YES;
				GCC_WARN_ABOUT_RETURN_TYPE = YES_ERROR;
				GCC_WARN_UNDECLARED_SELECTOR = YES;
				GCC_WARN_UNINITIALIZED_AUTOS = YES_AGGRESSIVE;
				GCC_WARN_UNUSED_FUNCTION = YES;
				GCC_WARN_UNUSED_VARIABLE = YES;
				LOCALIZATION_PREFERS_STRING_CATALOGS = YES;
				MACOSX_DEPLOYMENT_TARGET = 14.4;
				MTL_ENABLE_DEBUG_INFO = NO;
				MTL_FAST_MATH = YES;
				SDKROOT = macosx;
				SWIFT_COMPILATION_MODE = wholemodule;
			};
			name = Release;
		};
		6712B4CA2BF4A33B002A21F5 /* Debug */ = {
			isa = XCBuildConfiguration;
			buildSettings = {
				ASSETCATALOG_COMPILER_APPICON_NAME = AppIcon;
				ASSETCATALOG_COMPILER_GLOBAL_ACCENT_COLOR_NAME = AccentColor;
				CODE_SIGN_ENTITLEMENTS = test1Macapp/test1Macapp.entitlements;
				CODE_SIGN_STYLE = Automatic;
				COMBINE_HIDPI_IMAGES = YES;
				CURRENT_PROJECT_VERSION = 1;
				DEVELOPMENT_ASSET_PATHS = "\"test1Macapp/Preview Content\"";
				DEVELOPMENT_TEAM = 9AUK473839;
				ENABLE_HARDENED_RUNTIME = YES;
				ENABLE_PREVIEWS = YES;
				GENERATE_INFOPLIST_FILE = YES;
				INFOPLIST_KEY_NSHumanReadableCopyright = "";
				LD_RUNPATH_SEARCH_PATHS = (
					"$(inherited)",
					"@executable_path/../Frameworks",
				);
				MARKETING_VERSION = 1.0;
				PRODUCT_BUNDLE_IDENTIFIER = com.1302596817.test1Macapp;
				PRODUCT_NAME = "$(TARGET_NAME)";
				SWIFT_EMIT_LOC_STRINGS = YES;
				SWIFT_VERSION = 5.0;
			};
			name = Debug;
		};
		6712B4CB2BF4A33B002A21F5 /* Release */ = {
			isa = XCBuildConfiguration;
			buildSettings = {
				ASSETCATALOG_COMPILER_APPICON_NAME = AppIcon;
				ASSETCATALOG_COMPILER_GLOBAL_ACCENT_COLOR_NAME = AccentColor;
				CODE_SIGN_ENTITLEMENTS = test1Macapp/test1Macapp.entitlements;
				CODE_SIGN_STYLE = Automatic;
				COMBINE_HIDPI_IMAGES = YES;
				CURRENT_PROJECT_VERSION = 1;
				DEVELOPMENT_ASSET_PATHS = "\"test1Macapp/Preview Content\"";
				DEVELOPMENT_TEAM = 9AUK473839;
				ENABLE_HARDENED_RUNTIME = YES;
				ENABLE_PREVIEWS = YES;
				GENERATE_INFOPLIST_FILE = YES;
				INFOPLIST_KEY_NSHumanReadableCopyright = "";
				LD_RUNPATH_SEARCH_PATHS = (
					"$(inherited)",
					"@executable_path/../Frameworks",
				);
				MARKETING_VERSION = 1.0;
				PRODUCT_BUNDLE_IDENTIFIER = com.1302596817.test1Macapp;
				PRODUCT_NAME = "$(TARGET_NAME)";
				SWIFT_EMIT_LOC_STRINGS = YES;
				SWIFT_VERSION = 5.0;
			};
			name = Release;
		};
		6712B4CD2BF4A33B002A21F5 /* Debug */ = {
			isa = XCBuildConfiguration;
			buildSettings = {
				ALWAYS_EMBED_SWIFT_STANDARD_LIBRARIES = YES;
				BUNDLE_LOADER = "$(TEST_HOST)";
				CODE_SIGN_STYLE = Automatic;
				CURRENT_PROJECT_VERSION = 1;
				DEVELOPMENT_TEAM = 9AUK473839;
				GENERATE_INFOPLIST_FILE = YES;
				MACOSX_DEPLOYMENT_TARGET = 14.4;
				MARKETING_VERSION = 1.0;
				PRODUCT_BUNDLE_IDENTIFIER = com.1302596817.test1MacappTests;
				PRODUCT_NAME = "$(TARGET_NAME)";
				SWIFT_EMIT_LOC_STRINGS = NO;
				SWIFT_VERSION = 5.0;
				TEST_HOST = "$(BUILT_PRODUCTS_DIR)/test1Macapp.app/$(BUNDLE_EXECUTABLE_FOLDER_PATH)/test1Macapp";
			};
			name = Debug;
		};
		6712B4CE2BF4A33B002A21F5 /* Release */ = {
			isa = XCBuildConfiguration;
			buildSettings = {
				ALWAYS_EMBED_SWIFT_STANDARD_LIBRARIES = YES;
				BUNDLE_LOADER = "$(TEST_HOST)";
				CODE_SIGN_STYLE = Automatic;
				CURRENT_PROJECT_VERSION = 1;
				DEVELOPMENT_TEAM = 9AUK473839;
				GENERATE_INFOPLIST_FILE = YES;
				MACOSX_DEPLOYMENT_TARGET = 14.4;
				MARKETING_VERSION = 1.0;
				PRODUCT_BUNDLE_IDENTIFIER = com.1302596817.test1MacappTests;
				PRODUCT_NAME = "$(TARGET_NAME)";
				SWIFT_EMIT_LOC_STRINGS = NO;
				SWIFT_VERSION = 5.0;
				TEST_HOST = "$(BUILT_PRODUCTS_DIR)/test1Macapp.app/$(BUNDLE_EXECUTABLE_FOLDER_PATH)/test1Macapp";
			};
			name = Release;
		};
		6712B4D02BF4A33B002A21F5 /* Debug */ = {
			isa = XCBuildConfiguration;
			buildSettings = {
				ALWAYS_EMBED_SWIFT_STANDARD_LIBRARIES = YES;
				CODE_SIGN_STYLE = Automatic;
				CURRENT_PROJECT_VERSION = 1;
				DEVELOPMENT_TEAM = 9AUK473839;
				GENERATE_INFOPLIST_FILE = YES;
				MARKETING_VERSION = 1.0;
				PRODUCT_BUNDLE_IDENTIFIER = com.1302596817.test1MacappUITests;
				PRODUCT_NAME = "$(TARGET_NAME)";
				SWIFT_EMIT_LOC_STRINGS = NO;
				SWIFT_VERSION = 5.0;
				TEST_TARGET_NAME = test1Macapp;
			};
			name = Debug;
		};
		6712B4D12BF4A33B002A21F5 /* Release */ = {
			isa = XCBuildConfiguration;
			buildSettings = {
				ALWAYS_EMBED_SWIFT_STANDARD_LIBRARIES = YES;
				CODE_SIGN_STYLE = Automatic;
				CURRENT_PROJECT_VERSION = 1;
				DEVELOPMENT_TEAM = 9AUK473839;
				GENERATE_INFOPLIST_FILE = YES;
				MARKETING_VERSION = 1.0;
				PRODUCT_BUNDLE_IDENTIFIER = com.1302596817.test1MacappUITests;
				PRODUCT_NAME = "$(TARGET_NAME)";
				SWIFT_EMIT_LOC_STRINGS = NO;
				SWIFT_VERSION = 5.0;
				TEST_TARGET_NAME = test1Macapp;
			};
			name = Release;
		};
/* End XCBuildConfiguration section */

/* Begin XCConfigurationList section */
		6712B49F2BF4A338002A21F5 /* Build configuration list for PBXProject "test1Macapp" */ = {
			isa = XCConfigurationList;
			buildConfigurations = (
				6712B4C72BF4A33B002A21F5 /* Debug */,
				6712B4C82BF4A33B002A21F5 /* Release */,
			);
			defaultConfigurationIsVisible = 0;
			defaultConfigurationName = Release;
		};
		6712B4C92BF4A33B002A21F5 /* Build configuration list for PBXNativeTarget "test1Macapp" */ = {
			isa = XCConfigurationList;
			buildConfigurations = (
				6712B4CA2BF4A33B002A21F5 /* Debug */,
				6712B4CB2BF4A33B002A21F5 /* Release */,
			);
			defaultConfigurationIsVisible = 0;
			defaultConfigurationName = Release;
		};
		6712B4CC2BF4A33B002A21F5 /* Build configuration list for PBXNativeTarget "test1MacappTests" */ = {
			isa = XCConfigurationList;
			buildConfigurations = (
				6712B4CD2BF4A33B002A21F5 /* Debug */,
				6712B4CE2BF4A33B002A21F5 /* Release */,
			);
			defaultConfigurationIsVisible = 0;
			defaultConfigurationName = Release;
		};
		6712B4CF2BF4A33B002A21F5 /* Build configuration list for PBXNativeTarget "test1MacappUITests" */ = {
			isa = XCConfigurationList;
			buildConfigurations = (
				6712B4D02BF4A33B002A21F5 /* Debug */,
				6712B4D12BF4A33B002A21F5 /* Release */,
			);
			defaultConfigurationIsVisible = 0;
			defaultConfigurationName = Release;
		};
/* End XCConfigurationList section */
	};
	rootObject = 6712B49C2BF4A338002A21F5 /* Project object */;
}
